
Microsoft Visual Studio Solution File, Format Version 12.00
# Visual Studio Version 17
VisualStudioVersion = 17.4.33110.190
MinimumVisualStudioVersion = 10.0.40219.1
Project("{9A19103F-16F7-4668-BE54-9A1E7A4F7556}") = "DuTools", "DuTools\DuTools.csproj", "{0DB004E9-5FE6-4977-8E85-89A40CBAD6C3}"
EndProject
Project("{9A19103F-16F7-4668-BE54-9A1E7A4F7556}") = "DuLib.Zero", "..\DuLib\DuLib.Zero\DuLib.Zero.csproj", "{D0E9EEAA-3B30-46E3-BC65-AF9A26A96973}"
EndProject
Project("{9A19103F-16F7-4668-BE54-9A1E7A4F7556}") = "DuLib.WinForms", "..\DuLib\DuLib.WinForms\DuLib.WinForms.csproj", "{3529D988-C23C-460F-B807-27D829C44D83}"
EndProject
Global
	GlobalSection(SolutionConfigurationPlatforms) = preSolution
		Debug|Any CPU = Debug|Any CPU
		Release|Any CPU = Release|Any CPU
	EndGlobalSection
	GlobalSection(ProjectConfigurationPlatforms) = postSolution
		{0DB004E9-5FE6-4977-8E85-89A40CBAD6C3}.Debug|Any CPU.ActiveCfg = Debug|Any CPU
		{0DB004E9-5FE6-4977-8E85-89A40CBAD6C3}.Debug|Any CPU.Build.0 = Debug|Any CPU
		{0DB004E9-5FE6-4977-8E85-89A40CBAD6C3}.Release|Any CPU.ActiveCfg = Release|Any CPU
		{0DB004E9-5FE6-4977-8E85-89A40CBAD6C3}.Release|Any CPU.Build.0 = Release|Any CPU
		{D0E9EEAA-3B30-46E3-BC65-AF9A26A96973}.Debug|Any CPU.ActiveCfg = Debug|Any CPU
		{D0E9EEAA-3B30-46E3-BC65-AF9A26A96973}.Debug|Any CPU.Build.0 = Debug|Any CPU
		{D0E9EEAA-3B30-46E3-BC65-AF9A26A96973}.Release|Any CPU.ActiveCfg = Release|Any CPU
		{D0E9EEAA-3B30-46E3-BC65-AF9A26A96973}.Release|Any CPU.Build.0 = Release|Any CPU
		{3529D988-C23C-460F-B807-27D829C44D83}.Debug|Any CPU.ActiveCfg = Debug|Any CPU
		{3529D988-C23C-460F-B807-27D829C44D83}.Debug|Any CPU.Build.0 = Debug|Any CPU
		{3529D988-C23C-460F-B807-27D829C44D83}.Release|Any CPU.ActiveCfg = Release|Any CPU
		{3529D988-C23C-460F-B807-27D829C44D83}.Release|Any CPU.Build.0 = Release|Any CPU
	EndGlobalSection
	GlobalSection(SolutionProperties) = preSolution
		HideSolutionNode = FALSE
	EndGlobalSection
	GlobalSection(ExtensibilityGlobals) = postSolution
		SolutionGuid = {4BAFB7C2-334A-4942-AEB1-C3FD09354030}
	EndGlobalSection
EndGlobal
